
Microsoft Visual Studio Solution File, Format Version 12.00
# Visual Studio Version 17
VisualStudioVersion = 17.8.34511.84
MinimumVisualStudioVersion = 10.0.40219.1
Project("{FAE04EC0-301F-11D3-BF4B-00C04F79EFBC}") = "ATV2_CJ3022528", "ATV2_CJ3022528\ATV2_CJ3022528.csproj", "{A7409725-40B7-4B68-8B6F-E791BE6A22F1}"
EndProject
Global
	GlobalSection(SolutionConfigurationPlatforms) = preSolution
		Debug|Any CPU = Debug|Any CPU
		Release|Any CPU = Release|Any CPU
	EndGlobalSection
	GlobalSection(ProjectConfigurationPlatforms) = postSolution
		{A7409725-40B7-4B68-8B6F-E791BE6A22F1}.Debug|Any CPU.ActiveCfg = Debug|Any CPU
		{A7409725-40B7-4B68-8B6F-E791BE6A22F1}.Debug|Any CPU.Build.0 = Debug|Any CPU
		{A7409725-40B7-4B68-8B6F-E791BE6A22F1}.Release|Any CPU.ActiveCfg = Release|Any CPU
		{A7409725-40B7-4B68-8B6F-E791BE6A22F1}.Release|Any CPU.Build.0 = Release|Any CPU
	EndGlobalSection
	GlobalSection(SolutionProperties) = preSolution
		HideSolutionNode = FALSE
	EndGlobalSection
	GlobalSection(ExtensibilityGlobals) = postSolution
		SolutionGuid = {5AA4DB94-DB36-4DE9-9E7E-6ACD90F89256}
	EndGlobalSection
EndGlobal
